# GENERATED by `soul-lint schema-stamp` - do not edit by hand.
#
# version:     the top of the migrations/ ladder when this was stamped.
# fingerprint: a hash of the PARSED and canonicalized state_schema of
#              service.yml - never of the file text, so a comment or a
#              reordered key does not move it.
version: 1
fingerprint: sha256:035a2a294ba1b2565787611d73be5e95f491a375863c63b98314309804313958
